
Microsoft Visual Studio Solution File, Format Version 12.00
# Visual Studio 2012
Project("{FAE04EC0-301F-11D3-BF4B-00C04F79EFBC}") = "BinaryPacker", "BinaryPacker\BinaryPacker.csproj", "{ADBDBC1D-1A5C-4BEA-9902-6CE37C42AC9F}"
EndProject
Global
	GlobalSection(SolutionConfigurationPlatforms) = preSolution
		Debug|Any CPU = Debug|Any CPU
		Release|Any CPU = Release|Any CPU
	EndGlobalSection
	GlobalSection(ProjectConfigurationPlatforms) = postSolution
		{ADBDBC1D-1A5C-4BEA-9902-6CE37C42AC9F}.Debug|Any CPU.ActiveCfg = Debug|Any CPU
		{ADBDBC1D-1A5C-4BEA-9902-6CE37C42AC9F}.Debug|Any CPU.Build.0 = Debug|Any CPU
		{ADBDBC1D-1A5C-4BEA-9902-6CE37C42AC9F}.Release|Any CPU.ActiveCfg = Release|Any CPU
		{ADBDBC1D-1A5C-4BEA-9902-6CE37C42AC9F}.Release|Any CPU.Build.0 = Release|Any CPU
	EndGlobalSection
EndGlobal
